
Microsoft Visual Studio Solution File, Format Version 12.00
# Visual Studio 15
VisualStudioVersion = 15.0.28307.329
MinimumVisualStudioVersion = 10.0.40219.1
Project("{FAE04EC0-301F-11D3-BF4B-00C04F79EFBC}") = "SoapVideoApi", "SoapVideoApi\SoapVideoApi.csproj", "{F7BE8142-F4CB-4B73-82B4-97D055C74835}"
EndProject
Global
	GlobalSection(SolutionConfigurationPlatforms) = preSolution
		Debug|Any CPU = Debug|Any CPU
		Release|Any CPU = Release|Any CPU
	EndGlobalSection
	GlobalSection(ProjectConfigurationPlatforms) = postSolution
		{F7BE8142-F4CB-4B73-82B4-97D055C74835}.Debug|Any CPU.ActiveCfg = Debug|Any CPU
		{F7BE8142-F4CB-4B73-82B4-97D055C74835}.Debug|Any CPU.Build.0 = Debug|Any CPU
		{F7BE8142-F4CB-4B73-82B4-97D055C74835}.Release|Any CPU.ActiveCfg = Release|Any CPU
		{F7BE8142-F4CB-4B73-82B4-97D055C74835}.Release|Any CPU.Build.0 = Release|Any CPU
	EndGlobalSection
	GlobalSection(SolutionProperties) = preSolution
		HideSolutionNode = FALSE
	EndGlobalSection
	GlobalSection(ExtensibilityGlobals) = postSolution
		SolutionGuid = {DF28C055-8469-42CF-88E6-0F6D0DAF9B0E}
	EndGlobalSection
EndGlobal
